# THIS IS AN AUTOGENERATED FILE. DO NOT EDIT THIS FILE DIRECTLY.
# yarn lockfile v1


"@splinetool/react-spline@^4.0.0":
  version "4.0.0"
  resolved "https://registry.yarnpkg.com/@splinetool/react-spline/-/react-spline-4.0.0.tgz#bf510c12c187738ba91c13ca9b03f90babb5708f"
  integrity sha512-FqrV7/K2q998Y0t83QUauQxsifKWAg9CFZoSb64qRuH7IfHkDs5/OgU1ACkg0aTgsEPtFlH+kATQ+8X6MrizHQ==
  dependencies:
    blurhash "2.0.5"
    lodash.debounce "4.0.8"
    react-merge-refs "2.1.1"
    thumbhash "0.1.1"

"@splinetool/runtime@^1.9.25":
  version "1.9.25"
  resolved "https://registry.yarnpkg.com/@splinetool/runtime/-/runtime-1.9.25.tgz#1da7e9884150eea609c05daf28e70d7dbd022f3e"
  integrity sha512-UrynG7PgsiKCxQ+dMOQtBSEUo9h2nWYL6fktUgIt67E1Fy8K/96SMwKMUyXandExuoPx8Y/fMFup/d5oyn6lsw==
  dependencies:
    on-change "^4.0.0"
    semver-compare "^1.0.0"

blurhash@2.0.5:
  version "2.0.5"
  resolved "https://registry.yarnpkg.com/blurhash/-/blurhash-2.0.5.tgz#efde729fc14a2f03571a6aa91b49cba80d1abe4b"
  integrity sha512-cRygWd7kGBQO3VEhPiTgq4Wc43ctsM+o46urrmPOiuAe+07fzlSB9OJVdpgDL0jPqXUVQ9ht7aq7kxOeJHRK+w==

lodash.debounce@4.0.8:
  version "4.0.8"
  resolved "https://registry.yarnpkg.com/lodash.debounce/-/lodash.debounce-4.0.8.tgz#82d79bff30a67c4005ffd5e2515300ad9ca4d7af"
  integrity sha512-FT1yDzDYEoYWhnSGnpE/4Kj1fLZkDFyqRb7fNt6FdYOSxlUWAtp42Eh6Wb0rGIv/m9Bgo7x4GhQbm5Ys4SG5ow==

on-change@^4.0.0:
  version "4.0.2"
  resolved "https://registry.yarnpkg.com/on-change/-/on-change-4.0.2.tgz#838129790f09dc2ed04284944bda6e82b92c10b8"
  integrity sha512-cMtCyuJmTx/bg2HCpHo3ZLeF7FZnBOapLqZHr2AlLeJ5Ul0Zu2mUJJz051Fdwu/Et2YW04ZD+TtU+gVy0ACNCA==

react-merge-refs@2.1.1:
  version "2.1.1"
  resolved "https://registry.yarnpkg.com/react-merge-refs/-/react-merge-refs-2.1.1.tgz#e46763f8f1b881c0226ee54a1a2a10ffefba0233"
  integrity sha512-jLQXJ/URln51zskhgppGJ2ub7b2WFKGq3cl3NYKtlHoTG+dN2q7EzWrn3hN3EgPsTMvpR9tpq5ijdp7YwFZkag==

semver-compare@^1.0.0:
  version "1.0.0"
  resolved "https://registry.yarnpkg.com/semver-compare/-/semver-compare-1.0.0.tgz#0dee216a1c941ab37e9efb1788f6afc5ff5537fc"
  integrity sha512-YM3/ITh2MJ5MtzaM429anh+x2jiLVjqILF4m4oyQB18W7Ggea7BfqdH/wGMK7dDiMghv/6WG7znWMwUDzJiXow==

thumbhash@0.1.1:
  version "0.1.1"
  resolved "https://registry.yarnpkg.com/thumbhash/-/thumbhash-0.1.1.tgz#bd2b8616fc043f2b17151dfce0cce1408e0ebbeb"
  integrity sha512-kH5pKeIIBPQXAOni2AiY/Cu/NKdkFREdpH+TLdM0g6WA7RriCv0kPLgP731ady67MhTAqrVG/4mnEeibVuCJcg==
